// !$*UTF8*$!
{
	archiveVersion = 1;
	classes = {
	};
	objectVersion = 50;
	objects = {

/* Begin PBXBuildFile section */
		4D1E2773253CFA530001DC29 /* customButton.swift in Sources */ = {isa = PBXBuildFile; fileRef = 4D1E2772253CFA530001DC29 /* customButton.swift */; };
		4D1E277B253CFC870001DC29 /* customButtonVF.swift in Sources */ = {isa = PBXBuildFile; fileRef = 4D1E277A253CFC870001DC29 /* customButtonVF.swift */; };
		4D710146256316CF00CC2AAB /* PickerExerciseViewController.swift in Sources */ = {isa = PBXBuildFile; fileRef = 4D710145256316CF00CC2AAB /* PickerExerciseViewController.swift */; };
		4DB518F2253798D600C79229 /* Property List.plist in Resources */ = {isa = PBXBuildFile; fileRef = 4DB518F1253798D600C79229 /* Property List.plist */; };
		4DB518F725379AE000C79229 /* TrueFalseViewController.swift in Sources */ = {isa = PBXBuildFile; fileRef = 4DB518F625379AE000C79229 /* TrueFalseViewController.swift */; };
		4DB518FC2537AEDC00C79229 /* TemasPList.plist in Resources */ = {isa = PBXBuildFile; fileRef = 4DB518FB2537AEDC00C79229 /* TemasPList.plist */; };
		50B4A728912A447952245F31 /* libPods-Aprendiendo con Mayúsculas.a in Frameworks */ = {isa = PBXBuildFile; fileRef = C953555CC39060F51F7356CC /* libPods-Aprendiendo con Mayúsculas.a */; };
		880D6DE425645BAD0002C301 /* ACM-1024.png in Resources */ = {isa = PBXBuildFile; fileRef = 880D6DE325645BAD0002C301 /* ACM-1024.png */; };
		8819E71B2535317F00B8A4F1 /* AppDelegate.swift in Sources */ = {isa = PBXBuildFile; fileRef = 8819E71A2535317F00B8A4F1 /* AppDelegate.swift */; };
		8819E71D2535317F00B8A4F1 /* SceneDelegate.swift in Sources */ = {isa = PBXBuildFile; fileRef = 8819E71C2535317F00B8A4F1 /* SceneDelegate.swift */; };
		8819E71F2535317F00B8A4F1 /* ViewController.swift in Sources */ = {isa = PBXBuildFile; fileRef = 8819E71E2535317F00B8A4F1 /* ViewController.swift */; };
		8819E7222535317F00B8A4F1 /* Main.storyboard in Resources */ = {isa = PBXBuildFile; fileRef = 8819E7202535317F00B8A4F1 /* Main.storyboard */; };
		8819E7242535318000B8A4F1 /* Assets.xcassets in Resources */ = {isa = PBXBuildFile; fileRef = 8819E7232535318000B8A4F1 /* Assets.xcassets */; };
		8819E7272535318000B8A4F1 /* LaunchScreen.storyboard in Resources */ = {isa = PBXBuildFile; fileRef = 8819E7252535318000B8A4F1 /* LaunchScreen.storyboard */; };
		8819E7322535318100B8A4F1 /* Aprendiendo_con_Mayu_sculasTests.swift in Sources */ = {isa = PBXBuildFile; fileRef = 8819E7312535318100B8A4F1 /* Aprendiendo_con_Mayu_sculasTests.swift */; };
		8819E73D2535318100B8A4F1 /* Aprendiendo_con_Mayu_sculasUITests.swift in Sources */ = {isa = PBXBuildFile; fileRef = 8819E73C2535318100B8A4F1 /* Aprendiendo_con_Mayu_sculasUITests.swift */; };
		8819E74B25355C2000B8A4F1 /* TableViewController.swift in Sources */ = {isa = PBXBuildFile; fileRef = 8819E74A25355C2000B8A4F1 /* TableViewController.swift */; };
		8819E74D2535612800B8A4F1 /* NormaController.swift in Sources */ = {isa = PBXBuildFile; fileRef = 8819E74C2535612800B8A4F1 /* NormaController.swift */; };
		8819E74F2535619100B8A4F1 /* EjemploViewController.swift in Sources */ = {isa = PBXBuildFile; fileRef = 8819E74E2535619100B8A4F1 /* EjemploViewController.swift */; };
		8819E7532536211C00B8A4F1 /* BasicoVFViewController.swift in Sources */ = {isa = PBXBuildFile; fileRef = 8819E7522536211C00B8A4F1 /* BasicoVFViewController.swift */; };
		8819E755253623B300B8A4F1 /* ConfigViewController.swift in Sources */ = {isa = PBXBuildFile; fileRef = 8819E754253623B300B8A4F1 /* ConfigViewController.swift */; };
		8819E757253623BD00B8A4F1 /* RecursosViewController.swift in Sources */ = {isa = PBXBuildFile; fileRef = 8819E756253623BD00B8A4F1 /* RecursosViewController.swift */; };
		8819E759253623C500B8A4F1 /* ContactoViewController.swift in Sources */ = {isa = PBXBuildFile; fileRef = 8819E758253623C500B8A4F1 /* ContactoViewController.swift */; };
		8819E75B2536C18E00B8A4F1 /* LoadData.swift in Sources */ = {isa = PBXBuildFile; fileRef = 8819E75A2536C18E00B8A4F1 /* LoadData.swift */; };
		8819E75D2536C30800B8A4F1 /* mayus.json in Resources */ = {isa = PBXBuildFile; fileRef = 8819E75C2536C30800B8A4F1 /* mayus.json */; };
		887EA055256251F600644E0C /* answerButton.swift in Sources */ = {isa = PBXBuildFile; fileRef = 887EA054256251F600644E0C /* answerButton.swift */; };
		887EA0572563041D00644E0C /* triviaResultadosViewController.swift in Sources */ = {isa = PBXBuildFile; fileRef = 887EA0562563041D00644E0C /* triviaResultadosViewController.swift */; };
		887EA0592563A3A100644E0C /* LocalNotificationManager.swift in Sources */ = {isa = PBXBuildFile; fileRef = 887EA0582563A3A100644E0C /* LocalNotificationManager.swift */; };
		88BC884B2551FBE60029D2DE /* TriviaViewController.swift in Sources */ = {isa = PBXBuildFile; fileRef = 88BC884A2551FBE60029D2DE /* TriviaViewController.swift */; };
		88C63A0B2553820C006DB84C /* TriviaQuizViewController.swift in Sources */ = {isa = PBXBuildFile; fileRef = 88C63A0A2553820C006DB84C /* TriviaQuizViewController.swift */; };
		88C63A0D2553B904006DB84C /* trivia.plist in Resources */ = {isa = PBXBuildFile; fileRef = 88C63A0C2553B904006DB84C /* trivia.plist */; };
		88C63A152553D34D006DB84C /* ViewControllerTapExercise.swift in Sources */ = {isa = PBXBuildFile; fileRef = 88C63A142553D34D006DB84C /* ViewControllerTapExercise.swift */; };
		88C63A172553D390006DB84C /* NSAttributedStringKeyCustomAttribute.swift in Sources */ = {isa = PBXBuildFile; fileRef = 88C63A162553D390006DB84C /* NSAttributedStringKeyCustomAttribute.swift */; };
		88C63A192554ABA0006DB84C /* NormaImageViewController.swift in Sources */ = {isa = PBXBuildFile; fileRef = 88C63A182554ABA0006DB84C /* NormaImageViewController.swift */; };
		88E630052539FE5E00F13608 /* Tema.swift in Sources */ = {isa = PBXBuildFile; fileRef = 88E630042539FE5E00F13608 /* Tema.swift */; };
		BE210F572537A78900A30341 /* PuntajeViewController.swift in Sources */ = {isa = PBXBuildFile; fileRef = BE210F562537A78900A30341 /* PuntajeViewController.swift */; };
/* End PBXBuildFile section */

/* Begin PBXContainerItemProxy section */
		8819E72E2535318100B8A4F1 /* PBXContainerItemProxy */ = {
			isa = PBXContainerItemProxy;
			containerPortal = 8819E70F2535317F00B8A4F1 /* Project object */;
			proxyType = 1;
			remoteGlobalIDString = 8819E7162535317F00B8A4F1;
			remoteInfo = "Aprendiendo con Mayúsculas";
		};
		8819E7392535318100B8A4F1 /* PBXContainerItemProxy */ = {
			isa = PBXContainerItemProxy;
			containerPortal = 8819E70F2535317F00B8A4F1 /* Project object */;
			proxyType = 1;
			remoteGlobalIDString = 8819E7162535317F00B8A4F1;
			remoteInfo = "Aprendiendo con Mayúsculas";
		};
/* End PBXContainerItemProxy section */

/* Begin PBXFileReference section */
		4D1E2772253CFA530001DC29 /* customButton.swift */ = {isa = PBXFileReference; lastKnownFileType = sourcecode.swift; path = customButton.swift; sourceTree = "<group>"; };
		4D1E277A253CFC870001DC29 /* customButtonVF.swift */ = {isa = PBXFileReference; fileEncoding = 4; lastKnownFileType = sourcecode.swift; path = customButtonVF.swift; sourceTree = "<group>"; };
		4D710145256316CF00CC2AAB /* PickerExerciseViewController.swift */ = {isa = PBXFileReference; lastKnownFileType = sourcecode.swift; path = PickerExerciseViewController.swift; sourceTree = "<group>"; };
		4DB518F1253798D600C79229 /* Property List.plist */ = {isa = PBXFileReference; lastKnownFileType = text.plist.xml; path = "Property List.plist"; sourceTree = "<group>"; };
		4DB518F625379AE000C79229 /* TrueFalseViewController.swift */ = {isa = PBXFileReference; lastKnownFileType = sourcecode.swift; path = TrueFalseViewController.swift; sourceTree = "<group>"; };
		4DB518FB2537AEDC00C79229 /* TemasPList.plist */ = {isa = PBXFileReference; lastKnownFileType = text.plist.xml; path = TemasPList.plist; sourceTree = "<group>"; };
		64C2479358F45350494B9E7F /* Pods-Aprendiendo con Mayúsculas.debug.xcconfig */ = {isa = PBXFileReference; includeInIndex = 1; lastKnownFileType = text.xcconfig; name = "Pods-Aprendiendo con Mayúsculas.debug.xcconfig"; path = "Target Support Files/Pods-Aprendiendo con Mayúsculas/Pods-Aprendiendo con Mayúsculas.debug.xcconfig"; sourceTree = "<group>"; };
		880D6DE325645BAD0002C301 /* ACM-1024.png */ = {isa = PBXFileReference; lastKnownFileType = image.png; path = "ACM-1024.png"; sourceTree = "<group>"; };
		8819E7172535317F00B8A4F1 /* Aprendiendo con Mayúsculas.app */ = {isa = PBXFileReference; explicitFileType = wrapper.application; includeInIndex = 0; path = "Aprendiendo con Mayúsculas.app"; sourceTree = BUILT_PRODUCTS_DIR; };
		8819E71A2535317F00B8A4F1 /* AppDelegate.swift */ = {isa = PBXFileReference; lastKnownFileType = sourcecode.swift; path = AppDelegate.swift; sourceTree = "<group>"; };
		8819E71C2535317F00B8A4F1 /* SceneDelegate.swift */ = {isa = PBXFileReference; lastKnownFileType = sourcecode.swift; path = SceneDelegate.swift; sourceTree = "<group>"; };
		8819E71E2535317F00B8A4F1 /* ViewController.swift */ = {isa = PBXFileReference; lastKnownFileType = sourcecode.swift; path = ViewController.swift; sourceTree = "<group>"; };
		8819E7212535317F00B8A4F1 /* Base */ = {isa = PBXFileReference; lastKnownFileType = file.storyboard; name = Base; path = Base.lproj/Main.storyboard; sourceTree = "<group>"; };
		8819E7232535318000B8A4F1 /* Assets.xcassets */ = {isa = PBXFileReference; lastKnownFileType = folder.assetcatalog; path = Assets.xcassets; sourceTree = "<group>"; };
		8819E7262535318000B8A4F1 /* Base */ = {isa = PBXFileReference; lastKnownFileType = file.storyboard; name = Base; path = Base.lproj/LaunchScreen.storyboard; sourceTree = "<group>"; };
		8819E7282535318000B8A4F1 /* Info.plist */ = {isa = PBXFileReference; lastKnownFileType = text.plist.xml; path = Info.plist; sourceTree = "<group>"; };
		8819E72D2535318100B8A4F1 /* Aprendiendo con MayúsculasTests.xctest */ = {isa = PBXFileReference; explicitFileType = wrapper.cfbundle; includeInIndex = 0; path = "Aprendiendo con MayúsculasTests.xctest"; sourceTree = BUILT_PRODUCTS_DIR; };
		8819E7312535318100B8A4F1 /* Aprendiendo_con_Mayu_sculasTests.swift */ = {isa = PBXFileReference; lastKnownFileType = sourcecode.swift; path = Aprendiendo_con_Mayu_sculasTests.swift; sourceTree = "<group>"; };
		8819E7332535318100B8A4F1 /* Info.plist */ = {isa = PBXFileReference; lastKnownFileType = text.plist.xml; path = Info.plist; sourceTree = "<group>"; };
		8819E7382535318100B8A4F1 /* Aprendiendo con MayúsculasUITests.xctest */ = {isa = PBXFileReference; explicitFileType = wrapper.cfbundle; includeInIndex = 0; path = "Aprendiendo con MayúsculasUITests.xctest"; sourceTree = BUILT_PRODUCTS_DIR; };
		8819E73C2535318100B8A4F1 /* Aprendiendo_con_Mayu_sculasUITests.swift */ = {isa = PBXFileReference; lastKnownFileType = sourcecode.swift; path = Aprendiendo_con_Mayu_sculasUITests.swift; sourceTree = "<group>"; };
		8819E73E2535318100B8A4F1 /* Info.plist */ = {isa = PBXFileReference; lastKnownFileType = text.plist.xml; path = Info.plist; sourceTree = "<group>"; };
		8819E74A25355C2000B8A4F1 /* TableViewController.swift */ = {isa = PBXFileReference; lastKnownFileType = sourcecode.swift; path = TableViewController.swift; sourceTree = "<group>"; };
		8819E74C2535612800B8A4F1 /* NormaController.swift */ = {isa = PBXFileReference; lastKnownFileType = sourcecode.swift; path = NormaController.swift; sourceTree = "<group>"; };
		8819E74E2535619100B8A4F1 /* EjemploViewController.swift */ = {isa = PBXFileReference; lastKnownFileType = sourcecode.swift; path = EjemploViewController.swift; sourceTree = "<group>"; };
		8819E7522536211C00B8A4F1 /* BasicoVFViewController.swift */ = {isa = PBXFileReference; lastKnownFileType = sourcecode.swift; path = BasicoVFViewController.swift; sourceTree = "<group>"; };
		8819E754253623B300B8A4F1 /* ConfigViewController.swift */ = {isa = PBXFileReference; lastKnownFileType = sourcecode.swift; path = ConfigViewController.swift; sourceTree = "<group>"; };
		8819E756253623BD00B8A4F1 /* RecursosViewController.swift */ = {isa = PBXFileReference; lastKnownFileType = sourcecode.swift; path = RecursosViewController.swift; sourceTree = "<group>"; };
		8819E758253623C500B8A4F1 /* ContactoViewController.swift */ = {isa = PBXFileReference; lastKnownFileType = sourcecode.swift; path = ContactoViewController.swift; sourceTree = "<group>"; };
		8819E75A2536C18E00B8A4F1 /* LoadData.swift */ = {isa = PBXFileReference; lastKnownFileType = sourcecode.swift; path = LoadData.swift; sourceTree = "<group>"; };
		8819E75C2536C30800B8A4F1 /* mayus.json */ = {isa = PBXFileReference; fileEncoding = 4; lastKnownFileType = text.json; path = mayus.json; sourceTree = "<group>"; };
		887EA054256251F600644E0C /* answerButton.swift */ = {isa = PBXFileReference; lastKnownFileType = sourcecode.swift; path = answerButton.swift; sourceTree = "<group>"; };
		887EA0562563041D00644E0C /* triviaResultadosViewController.swift */ = {isa = PBXFileReference; lastKnownFileType = sourcecode.swift; name = triviaResultadosViewController.swift; path = ../triviaResultadosViewController.swift; sourceTree = "<group>"; };
		887EA0582563A3A100644E0C /* LocalNotificationManager.swift */ = {isa = PBXFileReference; lastKnownFileType = sourcecode.swift; name = LocalNotificationManager.swift; path = ../LocalNotificationManager.swift; sourceTree = "<group>"; };
		88BC884A2551FBE60029D2DE /* TriviaViewController.swift */ = {isa = PBXFileReference; lastKnownFileType = sourcecode.swift; path = TriviaViewController.swift; sourceTree = "<group>"; };
		88C63A0A2553820C006DB84C /* TriviaQuizViewController.swift */ = {isa = PBXFileReference; lastKnownFileType = sourcecode.swift; path = TriviaQuizViewController.swift; sourceTree = "<group>"; };
		88C63A0C2553B904006DB84C /* trivia.plist */ = {isa = PBXFileReference; lastKnownFileType = text.plist.xml; path = trivia.plist; sourceTree = "<group>"; };
		88C63A142553D34D006DB84C /* ViewControllerTapExercise.swift */ = {isa = PBXFileReference; lastKnownFileType = sourcecode.swift; path = ViewControllerTapExercise.swift; sourceTree = "<group>"; };
		88C63A162553D390006DB84C /* NSAttributedStringKeyCustomAttribute.swift */ = {isa = PBXFileReference; lastKnownFileType = sourcecode.swift; path = NSAttributedStringKeyCustomAttribute.swift; sourceTree = "<group>"; };
		88C63A182554ABA0006DB84C /* NormaImageViewController.swift */ = {isa = PBXFileReference; lastKnownFileType = sourcecode.swift; path = NormaImageViewController.swift; sourceTree = "<group>"; };
		88E630042539FE5E00F13608 /* Tema.swift */ = {isa = PBXFileReference; lastKnownFileType = sourcecode.swift; path = Tema.swift; sourceTree = "<group>"; };
		BE210F562537A78900A30341 /* PuntajeViewController.swift */ = {isa = PBXFileReference; lastKnownFileType = sourcecode.swift; path = PuntajeViewController.swift; sourceTree = "<group>"; };
		C953555CC39060F51F7356CC /* libPods-Aprendiendo con Mayúsculas.a */ = {isa = PBXFileReference; explicitFileType = archive.ar; includeInIndex = 0; path = "libPods-Aprendiendo con Mayúsculas.a"; sourceTree = BUILT_PRODUCTS_DIR; };
		DCFD7D4A495F7DB468B3C006 /* Pods-Aprendiendo con Mayúsculas.release.xcconfig */ = {isa = PBXFileReference; includeInIndex = 1; lastKnownFileType = text.xcconfig; name = "Pods-Aprendiendo con Mayúsculas.release.xcconfig"; path = "Target Support Files/Pods-Aprendiendo con Mayúsculas/Pods-Aprendiendo con Mayúsculas.release.xcconfig"; sourceTree = "<group>"; };
/* End PBXFileReference section */

/* Begin PBXFrameworksBuildPhase section */
		8819E7142535317F00B8A4F1 /* Frameworks */ = {
			isa = PBXFrameworksBuildPhase;
			buildActionMask = 2147483647;
			files = (
				50B4A728912A447952245F31 /* libPods-Aprendiendo con Mayúsculas.a in Frameworks */,
			);
			runOnlyForDeploymentPostprocessing = 0;
		};
		8819E72A2535318100B8A4F1 /* Frameworks */ = {
			isa = PBXFrameworksBuildPhase;
			buildActionMask = 2147483647;
			files = (
			);
			runOnlyForDeploymentPostprocessing = 0;
		};
		8819E7352535318100B8A4F1 /* Frameworks */ = {
			isa = PBXFrameworksBuildPhase;
			buildActionMask = 2147483647;
			files = (
			);
			runOnlyForDeploymentPostprocessing = 0;
		};
/* End PBXFrameworksBuildPhase section */

/* Begin PBXGroup section */
		5A8F9BAA38638EAE3C72D8C4 /* Pods */ = {
			isa = PBXGroup;
			children = (
				64C2479358F45350494B9E7F /* Pods-Aprendiendo con Mayúsculas.debug.xcconfig */,
				DCFD7D4A495F7DB468B3C006 /* Pods-Aprendiendo con Mayúsculas.release.xcconfig */,
			);
			path = Pods;
			sourceTree = "<group>";
		};
		8819E70E2535317F00B8A4F1 = {
			isa = PBXGroup;
			children = (
				8819E7192535317F00B8A4F1 /* Aprendiendo con Mayúsculas */,
				8819E7302535318100B8A4F1 /* Aprendiendo con MayúsculasTests */,
				8819E73B2535318100B8A4F1 /* Aprendiendo con MayúsculasUITests */,
				8819E7182535317F00B8A4F1 /* Products */,
				5A8F9BAA38638EAE3C72D8C4 /* Pods */,
				A225528FB664FEE205939722 /* Frameworks */,
			);
			sourceTree = "<group>";
		};
		8819E7182535317F00B8A4F1 /* Products */ = {
			isa = PBXGroup;
			children = (
				8819E7172535317F00B8A4F1 /* Aprendiendo con Mayúsculas.app */,
				8819E72D2535318100B8A4F1 /* Aprendiendo con MayúsculasTests.xctest */,
				8819E7382535318100B8A4F1 /* Aprendiendo con MayúsculasUITests.xctest */,
			);
			name = Products;
			sourceTree = "<group>";
		};
		8819E7192535317F00B8A4F1 /* Aprendiendo con Mayúsculas */ = {
			isa = PBXGroup;
			children = (
				8819E75C2536C30800B8A4F1 /* mayus.json */,
				4D1E2772253CFA530001DC29 /* customButton.swift */,
				887EA054256251F600644E0C /* answerButton.swift */,
				887EA0562563041D00644E0C /* triviaResultadosViewController.swift */,
				887EA0582563A3A100644E0C /* LocalNotificationManager.swift */,
				4DB518F1253798D600C79229 /* Property List.plist */,
				88C63A0C2553B904006DB84C /* trivia.plist */,
				4DB518FB2537AEDC00C79229 /* TemasPList.plist */,
				8819E71A2535317F00B8A4F1 /* AppDelegate.swift */,
				4D1E277A253CFC870001DC29 /* customButtonVF.swift */,
				8819E71C2535317F00B8A4F1 /* SceneDelegate.swift */,
				88C63A142553D34D006DB84C /* ViewControllerTapExercise.swift */,
				8819E71E2535317F00B8A4F1 /* ViewController.swift */,
				8819E7202535317F00B8A4F1 /* Main.storyboard */,
				88C63A182554ABA0006DB84C /* NormaImageViewController.swift */,
				4D710145256316CF00CC2AAB /* PickerExerciseViewController.swift */,
				88C63A0A2553820C006DB84C /* TriviaQuizViewController.swift */,
				88BC884A2551FBE60029D2DE /* TriviaViewController.swift */,
				BE210F562537A78900A30341 /* PuntajeViewController.swift */,
				4DB518F625379AE000C79229 /* TrueFalseViewController.swift */,
				8819E754253623B300B8A4F1 /* ConfigViewController.swift */,
				88C63A162553D390006DB84C /* NSAttributedStringKeyCustomAttribute.swift */,
				8819E756253623BD00B8A4F1 /* RecursosViewController.swift */,
				8819E758253623C500B8A4F1 /* ContactoViewController.swift */,
				8819E7522536211C00B8A4F1 /* BasicoVFViewController.swift */,
				8819E74E2535619100B8A4F1 /* EjemploViewController.swift */,
				8819E74C2535612800B8A4F1 /* NormaController.swift */,
				8819E75A2536C18E00B8A4F1 /* LoadData.swift */,
				88E630042539FE5E00F13608 /* Tema.swift */,
				880D6DE325645BAD0002C301 /* ACM-1024.png */,
				8819E74A25355C2000B8A4F1 /* TableViewController.swift */,
				8819E7232535318000B8A4F1 /* Assets.xcassets */,
				8819E7252535318000B8A4F1 /* LaunchScreen.storyboard */,
				8819E7282535318000B8A4F1 /* Info.plist */,
			);
			path = "Aprendiendo con Mayúsculas";
			sourceTree = "<group>";
		};
		8819E7302535318100B8A4F1 /* Aprendiendo con MayúsculasTests */ = {
			isa = PBXGroup;
			children = (
				8819E7312535318100B8A4F1 /* Aprendiendo_con_Mayu_sculasTests.swift */,
				8819E7332535318100B8A4F1 /* Info.plist */,
			);
			path = "Aprendiendo con MayúsculasTests";
			sourceTree = "<group>";
		};
		8819E73B2535318100B8A4F1 /* Aprendiendo con MayúsculasUITests */ = {
			isa = PBXGroup;
			children = (
				8819E73C2535318100B8A4F1 /* Aprendiendo_con_Mayu_sculasUITests.swift */,
				8819E73E2535318100B8A4F1 /* Info.plist */,
			);
			path = "Aprendiendo con MayúsculasUITests";
			sourceTree = "<group>";
		};
		A225528FB664FEE205939722 /* Frameworks */ = {
			isa = PBXGroup;
			children = (
				C953555CC39060F51F7356CC /* libPods-Aprendiendo con Mayúsculas.a */,
			);
			name = Frameworks;
			sourceTree = "<group>";
		};
/* End PBXGroup section */

/* Begin PBXNativeTarget section */
		8819E7162535317F00B8A4F1 /* Aprendiendo con Mayúsculas */ = {
			isa = PBXNativeTarget;
			buildConfigurationList = 8819E7412535318100B8A4F1 /* Build configuration list for PBXNativeTarget "Aprendiendo con Mayúsculas" */;
			buildPhases = (
				FA8E43940677B44FB38C9054 /* [CP] Check Pods Manifest.lock */,
				8819E7132535317F00B8A4F1 /* Sources */,
				8819E7142535317F00B8A4F1 /* Frameworks */,
				8819E7152535317F00B8A4F1 /* Resources */,
			);
			buildRules = (
			);
			dependencies = (
			);
			name = "Aprendiendo con Mayúsculas";
			productName = "Aprendiendo con Mayúsculas";
			productReference = 8819E7172535317F00B8A4F1 /* Aprendiendo con Mayúsculas.app */;
			productType = "com.apple.product-type.application";
		};
		8819E72C2535318100B8A4F1 /* Aprendiendo con MayúsculasTests */ = {
			isa = PBXNativeTarget;
			buildConfigurationList = 8819E7442535318100B8A4F1 /* Build configuration list for PBXNativeTarget "Aprendiendo con MayúsculasTests" */;
			buildPhases = (
				8819E7292535318100B8A4F1 /* Sources */,
				8819E72A2535318100B8A4F1 /* Frameworks */,
				8819E72B2535318100B8A4F1 /* Resources */,
			);
			buildRules = (
			);
			dependencies = (
				8819E72F2535318100B8A4F1 /* PBXTargetDependency */,
			);
			name = "Aprendiendo con MayúsculasTests";
			productName = "Aprendiendo con MayúsculasTests";
			productReference = 8819E72D2535318100B8A4F1 /* Aprendiendo con MayúsculasTests.xctest */;
			productType = "com.apple.product-type.bundle.unit-test";
		};
		8819E7372535318100B8A4F1 /* Aprendiendo con MayúsculasUITests */ = {
			isa = PBXNativeTarget;
			buildConfigurationList = 8819E7472535318100B8A4F1 /* Build configuration list for PBXNativeTarget "Aprendiendo con MayúsculasUITests" */;
			buildPhases = (
				8819E7342535318100B8A4F1 /* Sources */,
				8819E7352535318100B8A4F1 /* Frameworks */,
				8819E7362535318100B8A4F1 /* Resources */,
			);
			buildRules = (
			);
			dependencies = (
				8819E73A2535318100B8A4F1 /* PBXTargetDependency */,
			);
			name = "Aprendiendo con MayúsculasUITests";
			productName = "Aprendiendo con MayúsculasUITests";
			productReference = 8819E7382535318100B8A4F1 /* Aprendiendo con MayúsculasUITests.xctest */;
			productType = "com.apple.product-type.bundle.ui-testing";
		};
/* End PBXNativeTarget section */

/* Begin PBXProject section */
		8819E70F2535317F00B8A4F1 /* Project object */ = {
			isa = PBXProject;
			attributes = {
				LastSwiftUpdateCheck = 1130;
				LastUpgradeCheck = 1130;
				ORGANIZATIONNAME = "Luis Alberto Angeles Morales";
				TargetAttributes = {
					8819E7162535317F00B8A4F1 = {
						CreatedOnToolsVersion = 11.3.1;
					};
					8819E72C2535318100B8A4F1 = {
						CreatedOnToolsVersion = 11.3.1;
						TestTargetID = 8819E7162535317F00B8A4F1;
					};
					8819E7372535318100B8A4F1 = {
						CreatedOnToolsVersion = 11.3.1;
						TestTargetID = 8819E7162535317F00B8A4F1;
					};
				};
			};
			buildConfigurationList = 8819E7122535317F00B8A4F1 /* Build configuration list for PBXProject "Aprendiendo con Mayúsculas" */;
			compatibilityVersion = "Xcode 9.3";
			developmentRegion = en;
			hasScannedForEncodings = 0;
			knownRegions = (
				en,
				Base,
			);
			mainGroup = 8819E70E2535317F00B8A4F1;
			productRefGroup = 8819E7182535317F00B8A4F1 /* Products */;
			projectDirPath = "";
			projectRoot = "";
			targets = (
				8819E7162535317F00B8A4F1 /* Aprendiendo con Mayúsculas */,
				8819E72C2535318100B8A4F1 /* Aprendiendo con MayúsculasTests */,
				8819E7372535318100B8A4F1 /* Aprendiendo con MayúsculasUITests */,
			);
		};
/* End PBXProject section */

/* Begin PBXResourcesBuildPhase section */
		8819E7152535317F00B8A4F1 /* Resources */ = {
			isa = PBXResourcesBuildPhase;
			buildActionMask = 2147483647;
			files = (
				8819E7272535318000B8A4F1 /* LaunchScreen.storyboard in Resources */,
				88C63A0D2553B904006DB84C /* trivia.plist in Resources */,
				8819E75D2536C30800B8A4F1 /* mayus.json in Resources */,
				8819E7242535318000B8A4F1 /* Assets.xcassets in Resources */,
				880D6DE425645BAD0002C301 /* ACM-1024.png in Resources */,
				4DB518F2253798D600C79229 /* Property List.plist in Resources */,
				4DB518FC2537AEDC00C79229 /* TemasPList.plist in Resources */,
				8819E7222535317F00B8A4F1 /* Main.storyboard in Resources */,
			);
			runOnlyForDeploymentPostprocessing = 0;
		};
		8819E72B2535318100B8A4F1 /* Resources */ = {
			isa = PBXResourcesBuildPhase;
			buildActionMask = 2147483647;
			files = (
			);
			runOnlyForDeploymentPostprocessing = 0;
		};
		8819E7362535318100B8A4F1 /* Resources */ = {
			isa = PBXResourcesBuildPhase;
			buildActionMask = 2147483647;
			files = (
			);
			runOnlyForDeploymentPostprocessing = 0;
		};
/* End PBXResourcesBuildPhase section */

/* Begin PBXShellScriptBuildPhase section */
		FA8E43940677B44FB38C9054 /* [CP] Check Pods Manifest.lock */ = {
			isa = PBXShellScriptBuildPhase;
			buildActionMask = 2147483647;
			files = (
			);
			inputFileListPaths = (
			);
			inputPaths = (
				"${PODS_PODFILE_DIR_PATH}/Podfile.lock",
				"${PODS_ROOT}/Manifest.lock",
			);
			name = "[CP] Check Pods Manifest.lock";
			outputFileListPaths = (
			);
			outputPaths = (
				"$(DERIVED_FILE_DIR)/Pods-Aprendiendo con Mayúsculas-checkManifestLockResult.txt",
			);
			runOnlyForDeploymentPostprocessing = 0;
			shellPath = /bin/sh;
			shellScript = "diff \"${PODS_PODFILE_DIR_PATH}/Podfile.lock\" \"${PODS_ROOT}/Manifest.lock\" > /dev/null\nif [ $? != 0 ] ; then\n    # print error to STDERR\n    echo \"error: The sandbox is not in sync with the Podfile.lock. Run 'pod install' or update your CocoaPods installation.\" >&2\n    exit 1\nfi\n# This output is used by Xcode 'outputs' to avoid re-running this script phase.\necho \"SUCCESS\" > \"${SCRIPT_OUTPUT_FILE_0}\"\n";
			showEnvVarsInLog = 0;
		};
/* End PBXShellScriptBuildPhase section */

/* Begin PBXSourcesBuildPhase section */
		8819E7132535317F00B8A4F1 /* Sources */ = {
			isa = PBXSourcesBuildPhase;
			buildActionMask = 2147483647;
			files = (
				8819E74D2535612800B8A4F1 /* NormaController.swift in Sources */,
				88C63A172553D390006DB84C /* NSAttributedStringKeyCustomAttribute.swift in Sources */,
				88BC884B2551FBE60029D2DE /* TriviaViewController.swift in Sources */,
				8819E71F2535317F00B8A4F1 /* ViewController.swift in Sources */,
				88E630052539FE5E00F13608 /* Tema.swift in Sources */,
				88C63A192554ABA0006DB84C /* NormaImageViewController.swift in Sources */,
				4D710146256316CF00CC2AAB /* PickerExerciseViewController.swift in Sources */,
				4D1E2773253CFA530001DC29 /* customButton.swift in Sources */,
				8819E7532536211C00B8A4F1 /* BasicoVFViewController.swift in Sources */,
				88C63A0B2553820C006DB84C /* TriviaQuizViewController.swift in Sources */,
				8819E71B2535317F00B8A4F1 /* AppDelegate.swift in Sources */,
				4D1E277B253CFC870001DC29 /* customButtonVF.swift in Sources */,
				8819E759253623C500B8A4F1 /* ContactoViewController.swift in Sources */,
				BE210F572537A78900A30341 /* PuntajeViewController.swift in Sources */,
				8819E74F2535619100B8A4F1 /* EjemploViewController.swift in Sources */,
				887EA0592563A3A100644E0C /* LocalNotificationManager.swift in Sources */,
				8819E757253623BD00B8A4F1 /* RecursosViewController.swift in Sources */,
				887EA055256251F600644E0C /* answerButton.swift in Sources */,
				88C63A152553D34D006DB84C /* ViewControllerTapExercise.swift in Sources */,
				8819E71D2535317F00B8A4F1 /* SceneDelegate.swift in Sources */,
				887EA0572563041D00644E0C /* triviaResultadosViewController.swift in Sources */,
				8819E74B25355C2000B8A4F1 /* TableViewController.swift in Sources */,
				4DB518F725379AE000C79229 /* TrueFalseViewController.swift in Sources */,
				8819E755253623B300B8A4F1 /* ConfigViewController.swift in Sources */,
				8819E75B2536C18E00B8A4F1 /* LoadData.swift in Sources */,
			);
			runOnlyForDeploymentPostprocessing = 0;
		};
		8819E7292535318100B8A4F1 /* Sources */ = {
			isa = PBXSourcesBuildPhase;
			buildActionMask = 2147483647;
			files = (
				8819E7322535318100B8A4F1 /* Aprendiendo_con_Mayu_sculasTests.swift in Sources */,
			);
			runOnlyForDeploymentPostprocessing = 0;
		};
		8819E7342535318100B8A4F1 /* Sources */ = {
			isa = PBXSourcesBuildPhase;
			buildActionMask = 2147483647;
			files = (
				8819E73D2535318100B8A4F1 /* Aprendiendo_con_Mayu_sculasUITests.swift in Sources */,
			);
			runOnlyForDeploymentPostprocessing = 0;
		};
/* End PBXSourcesBuildPhase section */

/* Begin PBXTargetDependency section */
		8819E72F2535318100B8A4F1 /* PBXTargetDependency */ = {
			isa = PBXTargetDependency;
			target = 8819E7162535317F00B8A4F1 /* Aprendiendo con Mayúsculas */;
			targetProxy = 8819E72E2535318100B8A4F1 /* PBXContainerItemProxy */;
		};
		8819E73A2535318100B8A4F1 /* PBXTargetDependency */ = {
			isa = PBXTargetDependency;
			target = 8819E7162535317F00B8A4F1 /* Aprendiendo con Mayúsculas */;
			targetProxy = 8819E7392535318100B8A4F1 /* PBXContainerItemProxy */;
		};
/* End PBXTargetDependency section */

/* Begin PBXVariantGroup section */
		8819E7202535317F00B8A4F1 /* Main.storyboard */ = {
			isa = PBXVariantGroup;
			children = (
				8819E7212535317F00B8A4F1 /* Base */,
			);
			name = Main.storyboard;
			sourceTree = "<group>";
		};
		8819E7252535318000B8A4F1 /* LaunchScreen.storyboard */ = {
			isa = PBXVariantGroup;
			children = (
				8819E7262535318000B8A4F1 /* Base */,
			);
			name = LaunchScreen.storyboard;
			sourceTree = "<group>";
		};
/* End PBXVariantGroup section */

/* Begin XCBuildConfiguration section */
		8819E73F2535318100B8A4F1 /* Debug */ = {
			isa = XCBuildConfiguration;
			buildSettings = {
				ALWAYS_SEARCH_USER_PATHS = NO;
				CLANG_ANALYZER_NONNULL = YES;
				CLANG_ANALYZER_NUMBER_OBJECT_CONVERSION = YES_AGGRESSIVE;
				CLANG_CXX_LANGUAGE_STANDARD = "gnu++14";
				CLANG_CXX_LIBRARY = "libc++";
				CLANG_ENABLE_MODULES = YES;
				CLANG_ENABLE_OBJC_ARC = YES;
				CLANG_ENABLE_OBJC_WEAK = YES;
				CLANG_WARN_BLOCK_CAPTURE_AUTORELEASING = YES;
				CLANG_WARN_BOOL_CONVERSION = YES;
				CLANG_WARN_COMMA = YES;
				CLANG_WARN_CONSTANT_CONVERSION = YES;
				CLANG_WARN_DEPRECATED_OBJC_IMPLEMENTATIONS = YES;
				CLANG_WARN_DIRECT_OBJC_ISA_USAGE = YES_ERROR;
				CLANG_WARN_DOCUMENTATION_COMMENTS = YES;
				CLANG_WARN_EMPTY_BODY = YES;
				CLANG_WARN_ENUM_CONVERSION = YES;
				CLANG_WARN_INFINITE_RECURSION = YES;
				CLANG_WARN_INT_CONVERSION = YES;
				CLANG_WARN_NON_LITERAL_NULL_CONVERSION = YES;
				CLANG_WARN_OBJC_IMPLICIT_RETAIN_SELF = YES;
				CLANG_WARN_OBJC_LITERAL_CONVERSION = YES;
				CLANG_WARN_OBJC_ROOT_CLASS = YES_ERROR;
				CLANG_WARN_RANGE_LOOP_ANALYSIS = YES;
				CLANG_WARN_STRICT_PROTOTYPES = YES;
				CLANG_WARN_SUSPICIOUS_MOVE = YES;
				CLANG_WARN_UNGUARDED_AVAILABILITY = YES_AGGRESSIVE;
				CLANG_WARN_UNREACHABLE_CODE = YES;
				CLANG_WARN__DUPLICATE_METHOD_MATCH = YES;
				COPY_PHASE_STRIP = NO;
				DEBUG_INFORMATION_FORMAT = dwarf;
				ENABLE_STRICT_OBJC_MSGSEND = YES;
				ENABLE_TESTABILITY = YES;
				GCC_C_LANGUAGE_STANDARD = gnu11;
				GCC_DYNAMIC_NO_PIC = NO;
				GCC_NO_COMMON_BLOCKS = YES;
				GCC_OPTIMIZATION_LEVEL = 0;
				GCC_PREPROCESSOR_DEFINITIONS = (
					"DEBUG=1",
					"$(inherited)",
				);
				GCC_WARN_64_TO_32_BIT_CONVERSION = YES;
				GCC_WARN_ABOUT_RETURN_TYPE = YES_ERROR;
				GCC_WARN_UNDECLARED_SELECTOR = YES;
				GCC_WARN_UNINITIALIZED_AUTOS = YES_AGGRESSIVE;
				GCC_WARN_UNUSED_FUNCTION = YES;
				GCC_WARN_UNUSED_VARIABLE = YES;
				IPHONEOS_DEPLOYMENT_TARGET = 13.2;
				MTL_ENABLE_DEBUG_INFO = INCLUDE_SOURCE;
				MTL_FAST_MATH = YES;
				ONLY_ACTIVE_ARCH = YES;
				SDKROOT = iphoneos;
				SWIFT_ACTIVE_COMPILATION_CONDITIONS = DEBUG;
				SWIFT_OPTIMIZATION_LEVEL = "-Onone";
			};
			name = Debug;
		};
		8819E7402535318100B8A4F1 /* Release */ = {
			isa = XCBuildConfiguration;
			buildSettings = {
				ALWAYS_SEARCH_USER_PATHS = NO;
				CLANG_ANALYZER_NONNULL = YES;
				CLANG_ANALYZER_NUMBER_OBJECT_CONVERSION = YES_AGGRESSIVE;
				CLANG_CXX_LANGUAGE_STANDARD = "gnu++14";
				CLANG_CXX_LIBRARY = "libc++";
				CLANG_ENABLE_MODULES = YES;
				CLANG_ENABLE_OBJC_ARC = YES;
				CLANG_ENABLE_OBJC_WEAK = YES;
				CLANG_WARN_BLOCK_CAPTURE_AUTORELEASING = YES;
				CLANG_WARN_BOOL_CONVERSION = YES;
				CLANG_WARN_COMMA = YES;
				CLANG_WARN_CONSTANT_CONVERSION = YES;
				CLANG_WARN_DEPRECATED_OBJC_IMPLEMENTATIONS = YES;
				CLANG_WARN_DIRECT_OBJC_ISA_USAGE = YES_ERROR;
				CLANG_WARN_DOCUMENTATION_COMMENTS = YES;
				CLANG_WARN_EMPTY_BODY = YES;
				CLANG_WARN_ENUM_CONVERSION = YES;
				CLANG_WARN_INFINITE_RECURSION = YES;
				CLANG_WARN_INT_CONVERSION = YES;
				CLANG_WARN_NON_LITERAL_NULL_CONVERSION = YES;
				CLANG_WARN_OBJC_IMPLICIT_RETAIN_SELF = YES;
				CLANG_WARN_OBJC_LITERAL_CONVERSION = YES;
				CLANG_WARN_OBJC_ROOT_CLASS = YES_ERROR;
				CLANG_WARN_RANGE_LOOP_ANALYSIS = YES;
				CLANG_WARN_STRICT_PROTOTYPES = YES;
				CLANG_WARN_SUSPICIOUS_MOVE = YES;
				CLANG_WARN_UNGUARDED_AVAILABILITY = YES_AGGRESSIVE;
				CLANG_WARN_UNREACHABLE_CODE = YES;
				CLANG_WARN__DUPLICATE_METHOD_MATCH = YES;
				COPY_PHASE_STRIP = NO;
				DEBUG_INFORMATION_FORMAT = "dwarf-with-dsym";
				ENABLE_NS_ASSERTIONS = NO;
				ENABLE_STRICT_OBJC_MSGSEND = YES;
				GCC_C_LANGUAGE_STANDARD = gnu11;
				GCC_NO_COMMON_BLOCKS = YES;
				GCC_WARN_64_TO_32_BIT_CONVERSION = YES;
				GCC_WARN_ABOUT_RETURN_TYPE = YES_ERROR;
				GCC_WARN_UNDECLARED_SELECTOR = YES;
				GCC_WARN_UNINITIALIZED_AUTOS = YES_AGGRESSIVE;
				GCC_WARN_UNUSED_FUNCTION = YES;
				GCC_WARN_UNUSED_VARIABLE = YES;
				IPHONEOS_DEPLOYMENT_TARGET = 13.2;
				MTL_ENABLE_DEBUG_INFO = NO;
				MTL_FAST_MATH = YES;
				SDKROOT = iphoneos;
				SWIFT_COMPILATION_MODE = wholemodule;
				SWIFT_OPTIMIZATION_LEVEL = "-O";
				VALIDATE_PRODUCT = YES;
			};
			name = Release;
		};
		8819E7422535318100B8A4F1 /* Debug */ = {
			isa = XCBuildConfiguration;
			baseConfigurationReference = 64C2479358F45350494B9E7F /* Pods-Aprendiendo con Mayúsculas.debug.xcconfig */;
			buildSettings = {
				ASSETCATALOG_COMPILER_APPICON_NAME = AppIcon;
				CODE_SIGN_STYLE = Automatic;
				INFOPLIST_FILE = "Aprendiendo con Mayúsculas/Info.plist";
				LD_RUNPATH_SEARCH_PATHS = (
					"$(inherited)",
					"@executable_path/Frameworks",
				);
				PRODUCT_BUNDLE_IDENTIFIER = "edu.itesmalumnos.Aprendiendoconmayu-sculas";
				PRODUCT_NAME = "$(TARGET_NAME)";
				SWIFT_VERSION = 5.0;
				TARGETED_DEVICE_FAMILY = 1;
			};
			name = Debug;
		};
		8819E7432535318100B8A4F1 /* Release */ = {
			isa = XCBuildConfiguration;
			baseConfigurationReference = DCFD7D4A495F7DB468B3C006 /* Pods-Aprendiendo con Mayúsculas.release.xcconfig */;
			buildSettings = {
				ASSETCATALOG_COMPILER_APPICON_NAME = AppIcon;
				CODE_SIGN_STYLE = Automatic;
				INFOPLIST_FILE = "Aprendiendo con Mayúsculas/Info.plist";
				LD_RUNPATH_SEARCH_PATHS = (
					"$(inherited)",
					"@executable_path/Frameworks",
				);
				PRODUCT_BUNDLE_IDENTIFIER = "edu.itesmalumnos.Aprendiendoconmayu-sculas";
				PRODUCT_NAME = "$(TARGET_NAME)";
				SWIFT_VERSION = 5.0;
				TARGETED_DEVICE_FAMILY = 1;
			};
			name = Release;
		};
		8819E7452535318100B8A4F1 /* Debug */ = {
			isa = XCBuildConfiguration;
			buildSettings = {
				ALWAYS_EMBED_SWIFT_STANDARD_LIBRARIES = YES;
				BUNDLE_LOADER = "$(TEST_HOST)";
				CODE_SIGN_STYLE = Automatic;
				INFOPLIST_FILE = "Aprendiendo con MayúsculasTests/Info.plist";
				IPHONEOS_DEPLOYMENT_TARGET = 13.2;
				LD_RUNPATH_SEARCH_PATHS = (
					"$(inherited)",
					"@executable_path/Frameworks",
					"@loader_path/Frameworks",
				);
				PRODUCT_BUNDLE_IDENTIFIER = "luisangeles.Aprendiendo-con-Mayu-sculasTests";
				PRODUCT_NAME = "$(TARGET_NAME)";
				SWIFT_VERSION = 5.0;
				TARGETED_DEVICE_FAMILY = "1,2";
				TEST_HOST = "$(BUILT_PRODUCTS_DIR)/Aprendiendo con Mayúsculas.app/Aprendiendo con Mayúsculas";
			};
			name = Debug;
		};
		8819E7462535318100B8A4F1 /* Release */ = {
			isa = XCBuildConfiguration;
			buildSettings = {
				ALWAYS_EMBED_SWIFT_STANDARD_LIBRARIES = YES;
				BUNDLE_LOADER = "$(TEST_HOST)";
				CODE_SIGN_STYLE = Automatic;
				INFOPLIST_FILE = "Aprendiendo con MayúsculasTests/Info.plist";
				IPHONEOS_DEPLOYMENT_TARGET = 13.2;
				LD_RUNPATH_SEARCH_PATHS = (
					"$(inherited)",
					"@executable_path/Frameworks",
					"@loader_path/Frameworks",
				);
				PRODUCT_BUNDLE_IDENTIFIER = "luisangeles.Aprendiendo-con-Mayu-sculasTests";
				PRODUCT_NAME = "$(TARGET_NAME)";
				SWIFT_VERSION = 5.0;
				TARGETED_DEVICE_FAMILY = "1,2";
				TEST_HOST = "$(BUILT_PRODUCTS_DIR)/Aprendiendo con Mayúsculas.app/Aprendiendo con Mayúsculas";
			};
			name = Release;
		};
		8819E7482535318100B8A4F1 /* Debug */ = {
			isa = XCBuildConfiguration;
			buildSettings = {
				ALWAYS_EMBED_SWIFT_STANDARD_LIBRARIES = YES;
				CODE_SIGN_STYLE = Automatic;
				INFOPLIST_FILE = "Aprendiendo con MayúsculasUITests/Info.plist";
				LD_RUNPATH_SEARCH_PATHS = (
					"$(inherited)",
					"@executable_path/Frameworks",
					"@loader_path/Frameworks",
				);
				PRODUCT_BUNDLE_IDENTIFIER = "luisangeles.Aprendiendo-con-Mayu-sculasUITests";
				PRODUCT_NAME = "$(TARGET_NAME)";
				SWIFT_VERSION = 5.0;
				TARGETED_DEVICE_FAMILY = "1,2";
				TEST_TARGET_NAME = "Aprendiendo con Mayúsculas";
			};
			name = Debug;
		};
		8819E7492535318100B8A4F1 /* Release */ = {
			isa = XCBuildConfiguration;
			buildSettings = {
				ALWAYS_EMBED_SWIFT_STANDARD_LIBRARIES = YES;
				CODE_SIGN_STYLE = Automatic;
				INFOPLIST_FILE = "Aprendiendo con MayúsculasUITests/Info.plist";
				LD_RUNPATH_SEARCH_PATHS = (
					"$(inherited)",
					"@executable_path/Frameworks",
					"@loader_path/Frameworks",
				);
				PRODUCT_BUNDLE_IDENTIFIER = "luisangeles.Aprendiendo-con-Mayu-sculasUITests";
				PRODUCT_NAME = "$(TARGET_NAME)";
				SWIFT_VERSION = 5.0;
				TARGETED_DEVICE_FAMILY = "1,2";
				TEST_TARGET_NAME = "Aprendiendo con Mayúsculas";
			};
			name = Release;
		};
/* End XCBuildConfiguration section */

/* Begin XCConfigurationList section */
		8819E7122535317F00B8A4F1 /* Build configuration list for PBXProject "Aprendiendo con Mayúsculas" */ = {
			isa = XCConfigurationList;
			buildConfigurations = (
				8819E73F2535318100B8A4F1 /* Debug */,
				8819E7402535318100B8A4F1 /* Release */,
			);
			defaultConfigurationIsVisible = 0;
			defaultConfigurationName = Release;
		};
		8819E7412535318100B8A4F1 /* Build configuration list for PBXNativeTarget "Aprendiendo con Mayúsculas" */ = {
			isa = XCConfigurationList;
			buildConfigurations = (
				8819E7422535318100B8A4F1 /* Debug */,
				8819E7432535318100B8A4F1 /* Release */,
			);
			defaultConfigurationIsVisible = 0;
			defaultConfigurationName = Release;
		};
		8819E7442535318100B8A4F1 /* Build configuration list for PBXNativeTarget "Aprendiendo con MayúsculasTests" */ = {
			isa = XCConfigurationList;
			buildConfigurations = (
				8819E7452535318100B8A4F1 /* Debug */,
				8819E7462535318100B8A4F1 /* Release */,
			);
			defaultConfigurationIsVisible = 0;
			defaultConfigurationName = Release;
		};
		8819E7472535318100B8A4F1 /* Build configuration list for PBXNativeTarget "Aprendiendo con MayúsculasUITests" */ = {
			isa = XCConfigurationList;
			buildConfigurations = (
				8819E7482535318100B8A4F1 /* Debug */,
				8819E7492535318100B8A4F1 /* Release */,
			);
			defaultConfigurationIsVisible = 0;
			defaultConfigurationName = Release;
		};
/* End XCConfigurationList section */
	};
	rootObject = 8819E70F2535317F00B8A4F1 /* Project object */;
}
